// !$*UTF8*$!
{
	archiveVersion = 1;
	classes = {
	};
	objectVersion = 46;
	objects = {

/* Begin PBXBuildFile section */
		1E3CE3471DDDD85E00C1C670 /* RNLocalytics.m in Sources */ = {isa = PBXBuildFile; fileRef = 1E3CE3461DDDD85E00C1C670 /* RNLocalytics.m */; };
		1E3CE3481DDDD85E00C1C670 /* RNLocalytics.h in CopyFiles */ = {isa = PBXBuildFile; fileRef = 1E3CE3451DDDD85E00C1C670 /* RNLocalytics.h */; };
		1E3CE34F1DDDD88800C1C670 /* Localytics.framework in Frameworks */ = {isa = PBXBuildFile; fileRef = 1E3CE34E1DDDD88800C1C670 /* Localytics.framework */; };
		1E3CE3521DDDD8A600C1C670 /* AdSupport.framework in Frameworks */ = {isa = PBXBuildFile; fileRef = 1E3CE3511DDDD8A600C1C670 /* AdSupport.framework */; };
		1E3CE3581DDDD8B900C1C670 /* CoreLocation.framework in Frameworks */ = {isa = PBXBuildFile; fileRef = 1E3CE3571DDDD8B900C1C670 /* CoreLocation.framework */; };
		1E3CE35A1DDDD8C200C1C670 /* SystemConfiguration.framework in Frameworks */ = {isa = PBXBuildFile; fileRef = 1E3CE3591DDDD8C200C1C670 /* SystemConfiguration.framework */; };
/* End PBXBuildFile section */

/* Begin PBXCopyFilesBuildPhase section */
		1E3CE3401DDDD85E00C1C670 /* CopyFiles */ = {
			isa = PBXCopyFilesBuildPhase;
			buildActionMask = 2147483647;
			dstPath = "include/$(PRODUCT_NAME)";
			dstSubfolderSpec = 16;
			files = (
				1E3CE3481DDDD85E00C1C670 /* RNLocalytics.h in CopyFiles */,
			);
			runOnlyForDeploymentPostprocessing = 0;
		};
/* End PBXCopyFilesBuildPhase section */

/* Begin PBXFileReference section */
		1E3CE3421DDDD85E00C1C670 /* libRNLocalytics.a */ = {isa = PBXFileReference; explicitFileType = archive.ar; includeInIndex = 0; path = libRNLocalytics.a; sourceTree = BUILT_PRODUCTS_DIR; };
		1E3CE3451DDDD85E00C1C670 /* RNLocalytics.h */ = {isa = PBXFileReference; lastKnownFileType = sourcecode.c.h; path = RNLocalytics.h; sourceTree = "<group>"; };
		1E3CE3461DDDD85E00C1C670 /* RNLocalytics.m */ = {isa = PBXFileReference; lastKnownFileType = sourcecode.c.objc; path = RNLocalytics.m; sourceTree = "<group>"; };
		1E3CE34E1DDDD88800C1C670 /* Localytics.framework */ = {isa = PBXFileReference; lastKnownFileType = wrapper.framework; path = Localytics.framework; sourceTree = "<group>"; };
		1E3CE3511DDDD8A600C1C670 /* AdSupport.framework */ = {isa = PBXFileReference; lastKnownFileType = wrapper.framework; name = AdSupport.framework; path = System/Library/Frameworks/AdSupport.framework; sourceTree = SDKROOT; };
		1E3CE3531DDDD8AD00C1C670 /* libsqlite3.tbd */ = {isa = PBXFileReference; lastKnownFileType = "sourcecode.text-based-dylib-definition"; name = libsqlite3.tbd; path = usr/lib/libsqlite3.tbd; sourceTree = SDKROOT; };
		1E3CE3551DDDD8B300C1C670 /* libz.tbd */ = {isa = PBXFileReference; lastKnownFileType = "sourcecode.text-based-dylib-definition"; name = libz.tbd; path = usr/lib/libz.tbd; sourceTree = SDKROOT; };
		1E3CE3571DDDD8B900C1C670 /* CoreLocation.framework */ = {isa = PBXFileReference; lastKnownFileType = wrapper.framework; name = CoreLocation.framework; path = System/Library/Frameworks/CoreLocation.framework; sourceTree = SDKROOT; };
		1E3CE3591DDDD8C200C1C670 /* SystemConfiguration.framework */ = {isa = PBXFileReference; lastKnownFileType = wrapper.framework; name = SystemConfiguration.framework; path = System/Library/Frameworks/SystemConfiguration.framework; sourceTree = SDKROOT; };
/* End PBXFileReference section */

/* Begin PBXFrameworksBuildPhase section */
		1E3CE33F1DDDD85E00C1C670 /* Frameworks */ = {
			isa = PBXFrameworksBuildPhase;
			buildActionMask = 2147483647;
			files = (
				1E3CE35A1DDDD8C200C1C670 /* SystemConfiguration.framework in Frameworks */,
				1E3CE3581DDDD8B900C1C670 /* CoreLocation.framework in Frameworks */,
				1E3CE3521DDDD8A600C1C670 /* AdSupport.framework in Frameworks */,
				1E3CE34F1DDDD88800C1C670 /* Localytics.framework in Frameworks */,
			);
			runOnlyForDeploymentPostprocessing = 0;
		};
/* End PBXFrameworksBuildPhase section */

/* Begin PBXGroup section */
		1E3CE3391DDDD85E00C1C670 = {
			isa = PBXGroup;
			children = (
				1E3CE34E1DDDD88800C1C670 /* Localytics.framework */,
				1E3CE3441DDDD85E00C1C670 /* RNLocalytics */,
				1E3CE3431DDDD85E00C1C670 /* Products */,
				1E3CE3501DDDD8A600C1C670 /* Frameworks */,
			);
			sourceTree = "<group>";
		};
		1E3CE3431DDDD85E00C1C670 /* Products */ = {
			isa = PBXGroup;
			children = (
				1E3CE3421DDDD85E00C1C670 /* libRNLocalytics.a */,
			);
			name = Products;
			sourceTree = "<group>";
		};
		1E3CE3441DDDD85E00C1C670 /* RNLocalytics */ = {
			isa = PBXGroup;
			children = (
				1E3CE3451DDDD85E00C1C670 /* RNLocalytics.h */,
				1E3CE3461DDDD85E00C1C670 /* RNLocalytics.m */,
			);
			path = RNLocalytics;
			sourceTree = "<group>";
		};
		1E3CE3501DDDD8A600C1C670 /* Frameworks */ = {
			isa = PBXGroup;
			children = (
				1E3CE3591DDDD8C200C1C670 /* SystemConfiguration.framework */,
				1E3CE3571DDDD8B900C1C670 /* CoreLocation.framework */,
				1E3CE3551DDDD8B300C1C670 /* libz.tbd */,
				1E3CE3531DDDD8AD00C1C670 /* libsqlite3.tbd */,
				1E3CE3511DDDD8A600C1C670 /* AdSupport.framework */,
			);
			name = Frameworks;
			sourceTree = "<group>";
		};
/* End PBXGroup section */

/* Begin PBXNativeTarget section */
		1E3CE3411DDDD85E00C1C670 /* RNLocalytics */ = {
			isa = PBXNativeTarget;
			buildConfigurationList = 1E3CE34B1DDDD85E00C1C670 /* Build configuration list for PBXNativeTarget "RNLocalytics" */;
			buildPhases = (
				1E3CE33E1DDDD85E00C1C670 /* Sources */,
				1E3CE33F1DDDD85E00C1C670 /* Frameworks */,
				1E3CE3401DDDD85E00C1C670 /* CopyFiles */,
			);
			buildRules = (
			);
			dependencies = (
			);
			name = RNLocalytics;
			productName = RNLocalytics;
			productReference = 1E3CE3421DDDD85E00C1C670 /* libRNLocalytics.a */;
			productType = "com.apple.product-type.library.static";
		};
/* End PBXNativeTarget section */

/* Begin PBXProject section */
		1E3CE33A1DDDD85E00C1C670 /* Project object */ = {
			isa = PBXProject;
			attributes = {
				LastUpgradeCheck = 0810;
				ORGANIZATIONNAME = irvingdp;
				TargetAttributes = {
					1E3CE3411DDDD85E00C1C670 = {
						CreatedOnToolsVersion = 8.1;
						DevelopmentTeam = R9TLDN89V8;
						ProvisioningStyle = Automatic;
					};
				};
			};
			buildConfigurationList = 1E3CE33D1DDDD85E00C1C670 /* Build configuration list for PBXProject "RNLocalytics" */;
			compatibilityVersion = "Xcode 3.2";
			developmentRegion = English;
			hasScannedForEncodings = 0;
			knownRegions = (
				en,
			);
			mainGroup = 1E3CE3391DDDD85E00C1C670;
			productRefGroup = 1E3CE3431DDDD85E00C1C670 /* Products */;
			projectDirPath = "";
			projectRoot = "";
			targets = (
				1E3CE3411DDDD85E00C1C670 /* RNLocalytics */,
			);
		};
/* End PBXProject section */

/* Begin PBXSourcesBuildPhase section */
		1E3CE33E1DDDD85E00C1C670 /* Sources */ = {
			isa = PBXSourcesBuildPhase;
			buildActionMask = 2147483647;
			files = (
				1E3CE3471DDDD85E00C1C670 /* RNLocalytics.m in Sources */,
			);
			runOnlyForDeploymentPostprocessing = 0;
		};
/* End PBXSourcesBuildPhase section */

/* Begin XCBuildConfiguration section */
		1E3CE3491DDDD85E00C1C670 /* Debug */ = {
			isa = XCBuildConfiguration;
			buildSettings = {
				ALWAYS_SEARCH_USER_PATHS = NO;
				CLANG_ANALYZER_NONNULL = YES;
				CLANG_CXX_LANGUAGE_STANDARD = "gnu++0x";
				CLANG_CXX_LIBRARY = "libc++";
				CLANG_ENABLE_MODULES = YES;
				CLANG_ENABLE_OBJC_ARC = YES;
				CLANG_WARN_BOOL_CONVERSION = YES;
				CLANG_WARN_CONSTANT_CONVERSION = YES;
				CLANG_WARN_DIRECT_OBJC_ISA_USAGE = YES_ERROR;
				CLANG_WARN_DOCUMENTATION_COMMENTS = YES;
				CLANG_WARN_EMPTY_BODY = YES;
				CLANG_WARN_ENUM_CONVERSION = YES;
				CLANG_WARN_INFINITE_RECURSION = YES;
				CLANG_WARN_INT_CONVERSION = YES;
				CLANG_WARN_OBJC_ROOT_CLASS = YES_ERROR;
				CLANG_WARN_SUSPICIOUS_MOVES = YES;
				CLANG_WARN_UNREACHABLE_CODE = YES;
				CLANG_WARN__DUPLICATE_METHOD_MATCH = YES;
				"CODE_SIGN_IDENTITY[sdk=iphoneos*]" = "iPhone Developer";
				COPY_PHASE_STRIP = NO;
				DEBUG_INFORMATION_FORMAT = dwarf;
				ENABLE_STRICT_OBJC_MSGSEND = YES;
				ENABLE_TESTABILITY = YES;
				GCC_C_LANGUAGE_STANDARD = gnu99;
				GCC_DYNAMIC_NO_PIC = NO;
				GCC_NO_COMMON_BLOCKS = YES;
				GCC_OPTIMIZATION_LEVEL = 0;
				GCC_PREPROCESSOR_DEFINITIONS = (
					"DEBUG=1",
					"$(inherited)",
				);
				GCC_WARN_64_TO_32_BIT_CONVERSION = YES;
				GCC_WARN_ABOUT_RETURN_TYPE = YES_ERROR;
				GCC_WARN_UNDECLARED_SELECTOR = YES;
				GCC_WARN_UNINITIALIZED_AUTOS = YES_AGGRESSIVE;
				GCC_WARN_UNUSED_FUNCTION = YES;
				GCC_WARN_UNUSED_VARIABLE = YES;
				IPHONEOS_DEPLOYMENT_TARGET = 10.1;
				MTL_ENABLE_DEBUG_INFO = YES;
				ONLY_ACTIVE_ARCH = YES;
				SDKROOT = iphoneos;
			};
			name = Debug;
		};
		1E3CE34A1DDDD85E00C1C670 /* Release */ = {
			isa = XCBuildConfiguration;
			buildSettings = {
				ALWAYS_SEARCH_USER_PATHS = NO;
				CLANG_ANALYZER_NONNULL = YES;
				CLANG_CXX_LANGUAGE_STANDARD = "gnu++0x";
				CLANG_CXX_LIBRARY = "libc++";
				CLANG_ENABLE_MODULES = YES;
				CLANG_ENABLE_OBJC_ARC = YES;
				CLANG_WARN_BOOL_CONVERSION = YES;
				CLANG_WARN_CONSTANT_CONVERSION = YES;
				CLANG_WARN_DIRECT_OBJC_ISA_USAGE = YES_ERROR;
				CLANG_WARN_DOCUMENTATION_COMMENTS = YES;
				CLANG_WARN_EMPTY_BODY = YES;
				CLANG_WARN_ENUM_CONVERSION = YES;
				CLANG_WARN_INFINITE_RECURSION = YES;
				CLANG_WARN_INT_CONVERSION = YES;
				CLANG_WARN_OBJC_ROOT_CLASS = YES_ERROR;
				CLANG_WARN_SUSPICIOUS_MOVES = YES;
				CLANG_WARN_UNREACHABLE_CODE = YES;
				CLANG_WARN__DUPLICATE_METHOD_MATCH = YES;
				"CODE_SIGN_IDENTITY[sdk=iphoneos*]" = "iPhone Developer";
				COPY_PHASE_STRIP = NO;
				DEBUG_INFORMATION_FORMAT = "dwarf-with-dsym";
				ENABLE_NS_ASSERTIONS = NO;
				ENABLE_STRICT_OBJC_MSGSEND = YES;
				GCC_C_LANGUAGE_STANDARD = gnu99;
				GCC_NO_COMMON_BLOCKS = YES;
				GCC_WARN_64_TO_32_BIT_CONVERSION = YES;
				GCC_WARN_ABOUT_RETURN_TYPE = YES_ERROR;
				GCC_WARN_UNDECLARED_SELECTOR = YES;
				GCC_WARN_UNINITIALIZED_AUTOS = YES_AGGRESSIVE;
				GCC_WARN_UNUSED_FUNCTION = YES;
				GCC_WARN_UNUSED_VARIABLE = YES;
				IPHONEOS_DEPLOYMENT_TARGET = 10.1;
				MTL_ENABLE_DEBUG_INFO = NO;
				SDKROOT = iphoneos;
				VALIDATE_PRODUCT = YES;
			};
			name = Release;
		};
		1E3CE34C1DDDD85E00C1C670 /* Debug */ = {
			isa = XCBuildConfiguration;
			buildSettings = {
				DEVELOPMENT_TEAM = R9TLDN89V8;
				FRAMEWORK_SEARCH_PATHS = (
					"$(inherited)",
					"$(PROJECT_DIR)",
				);
				HEADER_SEARCH_PATHS = (
					"$(SRCROOT)/../../react-native/React/**",
					"$(SRCROOT)/../node_modules/react-native/React/**",
				);
				OTHER_LDFLAGS = "-ObjC";
				PRODUCT_NAME = "$(TARGET_NAME)";
				SKIP_INSTALL = YES;
			};
			name = Debug;
		};
		1E3CE34D1DDDD85E00C1C670 /* Release */ = {
			isa = XCBuildConfiguration;
			buildSettings = {
				DEVELOPMENT_TEAM = R9TLDN89V8;
				FRAMEWORK_SEARCH_PATHS = (
					"$(inherited)",
					"$(PROJECT_DIR)",
				);
				HEADER_SEARCH_PATHS = (
					"$(SRCROOT)/../../react-native/React/**",
					"$(SRCROOT)/../node_modules/react-native/React/**",
				);
				OTHER_LDFLAGS = "-ObjC";
				PRODUCT_NAME = "$(TARGET_NAME)";
				SKIP_INSTALL = YES;
			};
			name = Release;
		};
/* End XCBuildConfiguration section */

/* Begin XCConfigurationList section */
		1E3CE33D1DDDD85E00C1C670 /* Build configuration list for PBXProject "RNLocalytics" */ = {
			isa = XCConfigurationList;
			buildConfigurations = (
				1E3CE3491DDDD85E00C1C670 /* Debug */,
				1E3CE34A1DDDD85E00C1C670 /* Release */,
			);
			defaultConfigurationIsVisible = 0;
			defaultConfigurationName = Release;
		};
		1E3CE34B1DDDD85E00C1C670 /* Build configuration list for PBXNativeTarget "RNLocalytics" */ = {
			isa = XCConfigurationList;
			buildConfigurations = (
				1E3CE34C1DDDD85E00C1C670 /* Debug */,
				1E3CE34D1DDDD85E00C1C670 /* Release */,
			);
			defaultConfigurationIsVisible = 0;
			defaultConfigurationName = Release;
		};
/* End XCConfigurationList section */
	};
	rootObject = 1E3CE33A1DDDD85E00C1C670 /* Project object */;
}
