// !$*UTF8*$!
{
	archiveVersion = 1;
	classes = {
	};
	objectVersion = 46;
	objects = {

/* Begin PBXBuildFile section */
		1E326E871DDC2B5500807B13 /* react-native-localytics.h in Headers */ = {isa = PBXBuildFile; fileRef = 1E326E861DDC2B5500807B13 /* react-native-localytics.h */; };
		1E326E891DDC2B9600807B13 /* react-native-localytics.m in Sources */ = {isa = PBXBuildFile; fileRef = 1E326E881DDC2B9600807B13 /* react-native-localytics.m */; };
		1E326E8B1DDC317A00807B13 /* Localytics.framework in Frameworks */ = {isa = PBXBuildFile; fileRef = 1E326E8A1DDC317A00807B13 /* Localytics.framework */; };
/* End PBXBuildFile section */

/* Begin PBXFileReference section */
		1E326E7C1DDC29E200807B13 /* libreact-native-localytics.a */ = {isa = PBXFileReference; explicitFileType = archive.ar; includeInIndex = 0; path = "libreact-native-localytics.a"; sourceTree = BUILT_PRODUCTS_DIR; };
		1E326E861DDC2B5500807B13 /* react-native-localytics.h */ = {isa = PBXFileReference; fileEncoding = 4; lastKnownFileType = sourcecode.c.h; path = "react-native-localytics.h"; sourceTree = "<group>"; };
		1E326E881DDC2B9600807B13 /* react-native-localytics.m */ = {isa = PBXFileReference; fileEncoding = 4; lastKnownFileType = sourcecode.c.objc; path = "react-native-localytics.m"; sourceTree = "<group>"; };
		1E326E8A1DDC317A00807B13 /* Localytics.framework */ = {isa = PBXFileReference; lastKnownFileType = wrapper.framework; path = Localytics.framework; sourceTree = "<group>"; };
		1E326E8D1DDC31E700807B13 /* libsqlite3.tbd */ = {isa = PBXFileReference; lastKnownFileType = "sourcecode.text-based-dylib-definition"; name = libsqlite3.tbd; path = usr/lib/libsqlite3.tbd; sourceTree = SDKROOT; };
		1E326E8F1DDC31F000807B13 /* libz.tbd */ = {isa = PBXFileReference; lastKnownFileType = "sourcecode.text-based-dylib-definition"; name = libz.tbd; path = usr/lib/libz.tbd; sourceTree = SDKROOT; };
		1E326E911DDC31F800807B13 /* CoreLocation.framework */ = {isa = PBXFileReference; lastKnownFileType = wrapper.framework; name = CoreLocation.framework; path = System/Library/Frameworks/CoreLocation.framework; sourceTree = SDKROOT; };
		1E326E931DDC320300807B13 /* SystemConfiguration.framework */ = {isa = PBXFileReference; lastKnownFileType = wrapper.framework; name = SystemConfiguration.framework; path = System/Library/Frameworks/SystemConfiguration.framework; sourceTree = SDKROOT; };
		1E326EA61DDC357D00807B13 /* AdSupport.framework */ = {isa = PBXFileReference; lastKnownFileType = wrapper.framework; name = AdSupport.framework; path = System/Library/Frameworks/AdSupport.framework; sourceTree = SDKROOT; };
/* End PBXFileReference section */

/* Begin PBXFrameworksBuildPhase section */
		1E326E791DDC29E200807B13 /* Frameworks */ = {
			isa = PBXFrameworksBuildPhase;
			buildActionMask = 2147483647;
			files = (
				1E326E8B1DDC317A00807B13 /* Localytics.framework in Frameworks */,
			);
			runOnlyForDeploymentPostprocessing = 0;
		};
/* End PBXFrameworksBuildPhase section */

/* Begin PBXGroup section */
		1E326E731DDC29E200807B13 = {
			isa = PBXGroup;
			children = (
				1E326E841DDC2B2000807B13 /* react-native-localytics */,
				1E326E7D1DDC29E200807B13 /* Products */,
				1E326E8C1DDC31E700807B13 /* Frameworks */,
			);
			sourceTree = "<group>";
		};
		1E326E7D1DDC29E200807B13 /* Products */ = {
			isa = PBXGroup;
			children = (
				1E326E7C1DDC29E200807B13 /* libreact-native-localytics.a */,
			);
			name = Products;
			sourceTree = "<group>";
		};
		1E326E841DDC2B2000807B13 /* react-native-localytics */ = {
			isa = PBXGroup;
			children = (
				1E326E861DDC2B5500807B13 /* react-native-localytics.h */,
				1E326E881DDC2B9600807B13 /* react-native-localytics.m */,
			);
			name = "react-native-localytics";
			sourceTree = "<group>";
		};
		1E326E8C1DDC31E700807B13 /* Frameworks */ = {
			isa = PBXGroup;
			children = (
				1E326EA61DDC357D00807B13 /* AdSupport.framework */,
				1E326E8A1DDC317A00807B13 /* Localytics.framework */,
				1E326E931DDC320300807B13 /* SystemConfiguration.framework */,
				1E326E911DDC31F800807B13 /* CoreLocation.framework */,
				1E326E8F1DDC31F000807B13 /* libz.tbd */,
				1E326E8D1DDC31E700807B13 /* libsqlite3.tbd */,
			);
			name = Frameworks;
			sourceTree = "<group>";
		};
/* End PBXGroup section */

/* Begin PBXHeadersBuildPhase section */
		1E326E7A1DDC29E200807B13 /* Headers */ = {
			isa = PBXHeadersBuildPhase;
			buildActionMask = 2147483647;
			files = (
				1E326E871DDC2B5500807B13 /* react-native-localytics.h in Headers */,
			);
			runOnlyForDeploymentPostprocessing = 0;
		};
/* End PBXHeadersBuildPhase section */

/* Begin PBXNativeTarget section */
		1E326E7B1DDC29E200807B13 /* react-native-localytics */ = {
			isa = PBXNativeTarget;
			buildConfigurationList = 1E326E801DDC29E200807B13 /* Build configuration list for PBXNativeTarget "react-native-localytics" */;
			buildPhases = (
				1E326E781DDC29E200807B13 /* Sources */,
				1E326E791DDC29E200807B13 /* Frameworks */,
				1E326E7A1DDC29E200807B13 /* Headers */,
			);
			buildRules = (
			);
			dependencies = (
			);
			name = "react-native-localytics";
			productName = "react-native-localytics";
			productReference = 1E326E7C1DDC29E200807B13 /* libreact-native-localytics.a */;
			productType = "com.apple.product-type.library.static";
		};
/* End PBXNativeTarget section */

/* Begin PBXProject section */
		1E326E741DDC29E200807B13 /* Project object */ = {
			isa = PBXProject;
			attributes = {
				LastUpgradeCheck = 0810;
				ORGANIZATIONNAME = irvingdp;
				TargetAttributes = {
					1E326E7B1DDC29E200807B13 = {
						CreatedOnToolsVersion = 8.1;
						DevelopmentTeam = R9TLDN89V8;
						ProvisioningStyle = Automatic;
					};
				};
			};
			buildConfigurationList = 1E326E771DDC29E200807B13 /* Build configuration list for PBXProject "react-native-localytics" */;
			compatibilityVersion = "Xcode 3.2";
			developmentRegion = English;
			hasScannedForEncodings = 0;
			knownRegions = (
				en,
			);
			mainGroup = 1E326E731DDC29E200807B13;
			productRefGroup = 1E326E7D1DDC29E200807B13 /* Products */;
			projectDirPath = "";
			projectRoot = "";
			targets = (
				1E326E7B1DDC29E200807B13 /* react-native-localytics */,
			);
		};
/* End PBXProject section */

/* Begin PBXSourcesBuildPhase section */
		1E326E781DDC29E200807B13 /* Sources */ = {
			isa = PBXSourcesBuildPhase;
			buildActionMask = 2147483647;
			files = (
				1E326E891DDC2B9600807B13 /* react-native-localytics.m in Sources */,
			);
			runOnlyForDeploymentPostprocessing = 0;
		};
/* End PBXSourcesBuildPhase section */

/* Begin XCBuildConfiguration section */
		1E326E7E1DDC29E200807B13 /* Debug */ = {
			isa = XCBuildConfiguration;
			buildSettings = {
				ALWAYS_SEARCH_USER_PATHS = NO;
				CLANG_ANALYZER_NONNULL = YES;
				CLANG_CXX_LANGUAGE_STANDARD = "gnu++0x";
				CLANG_CXX_LIBRARY = "libc++";
				CLANG_ENABLE_MODULES = YES;
				CLANG_ENABLE_OBJC_ARC = YES;
				CLANG_WARN_BOOL_CONVERSION = YES;
				CLANG_WARN_CONSTANT_CONVERSION = YES;
				CLANG_WARN_DIRECT_OBJC_ISA_USAGE = YES_ERROR;
				CLANG_WARN_DOCUMENTATION_COMMENTS = YES;
				CLANG_WARN_EMPTY_BODY = YES;
				CLANG_WARN_ENUM_CONVERSION = YES;
				CLANG_WARN_INFINITE_RECURSION = YES;
				CLANG_WARN_INT_CONVERSION = YES;
				CLANG_WARN_OBJC_ROOT_CLASS = YES_ERROR;
				CLANG_WARN_SUSPICIOUS_MOVES = YES;
				CLANG_WARN_UNREACHABLE_CODE = YES;
				CLANG_WARN__DUPLICATE_METHOD_MATCH = YES;
				CODE_SIGN_IDENTITY = "-";
				COPY_PHASE_STRIP = NO;
				DEBUG_INFORMATION_FORMAT = dwarf;
				ENABLE_STRICT_OBJC_MSGSEND = YES;
				ENABLE_TESTABILITY = YES;
				GCC_C_LANGUAGE_STANDARD = gnu99;
				GCC_DYNAMIC_NO_PIC = NO;
				GCC_NO_COMMON_BLOCKS = YES;
				GCC_OPTIMIZATION_LEVEL = 0;
				GCC_PREPROCESSOR_DEFINITIONS = (
					"DEBUG=1",
					"$(inherited)",
				);
				GCC_WARN_64_TO_32_BIT_CONVERSION = YES;
				GCC_WARN_ABOUT_RETURN_TYPE = YES_ERROR;
				GCC_WARN_UNDECLARED_SELECTOR = YES;
				GCC_WARN_UNINITIALIZED_AUTOS = YES_AGGRESSIVE;
				GCC_WARN_UNUSED_FUNCTION = YES;
				GCC_WARN_UNUSED_VARIABLE = YES;
				"HEADER_SEARCH_PATHS[arch=*]" = (
					"$(SRCROOT)/../../react-native/React/**",
					"$(SRCROOT)/../node_modules/react-native/React/**",
				);
				IPHONEOS_DEPLOYMENT_TARGET = 9.3;
				MACOSX_DEPLOYMENT_TARGET = 10.12;
				MTL_ENABLE_DEBUG_INFO = YES;
				ONLY_ACTIVE_ARCH = YES;
				SDKROOT = iphoneos10.1;
			};
			name = Debug;
		};
		1E326E7F1DDC29E200807B13 /* Release */ = {
			isa = XCBuildConfiguration;
			buildSettings = {
				ALWAYS_SEARCH_USER_PATHS = NO;
				CLANG_ANALYZER_NONNULL = YES;
				CLANG_CXX_LANGUAGE_STANDARD = "gnu++0x";
				CLANG_CXX_LIBRARY = "libc++";
				CLANG_ENABLE_MODULES = YES;
				CLANG_ENABLE_OBJC_ARC = YES;
				CLANG_WARN_BOOL_CONVERSION = YES;
				CLANG_WARN_CONSTANT_CONVERSION = YES;
				CLANG_WARN_DIRECT_OBJC_ISA_USAGE = YES_ERROR;
				CLANG_WARN_DOCUMENTATION_COMMENTS = YES;
				CLANG_WARN_EMPTY_BODY = YES;
				CLANG_WARN_ENUM_CONVERSION = YES;
				CLANG_WARN_INFINITE_RECURSION = YES;
				CLANG_WARN_INT_CONVERSION = YES;
				CLANG_WARN_OBJC_ROOT_CLASS = YES_ERROR;
				CLANG_WARN_SUSPICIOUS_MOVES = YES;
				CLANG_WARN_UNREACHABLE_CODE = YES;
				CLANG_WARN__DUPLICATE_METHOD_MATCH = YES;
				CODE_SIGN_IDENTITY = "-";
				COPY_PHASE_STRIP = NO;
				DEBUG_INFORMATION_FORMAT = "dwarf-with-dsym";
				ENABLE_NS_ASSERTIONS = NO;
				ENABLE_STRICT_OBJC_MSGSEND = YES;
				GCC_C_LANGUAGE_STANDARD = gnu99;
				GCC_NO_COMMON_BLOCKS = YES;
				GCC_WARN_64_TO_32_BIT_CONVERSION = YES;
				GCC_WARN_ABOUT_RETURN_TYPE = YES_ERROR;
				GCC_WARN_UNDECLARED_SELECTOR = YES;
				GCC_WARN_UNINITIALIZED_AUTOS = YES_AGGRESSIVE;
				GCC_WARN_UNUSED_FUNCTION = YES;
				GCC_WARN_UNUSED_VARIABLE = YES;
				"HEADER_SEARCH_PATHS[arch=*]" = (
					"$(SRCROOT)/../node_modules/react-native/React/**",
					"$(SRCROOT)/../../react-native/React/**",
				);
				IPHONEOS_DEPLOYMENT_TARGET = 9.3;
				MACOSX_DEPLOYMENT_TARGET = 10.12;
				MTL_ENABLE_DEBUG_INFO = NO;
				SDKROOT = iphoneos10.1;
			};
			name = Release;
		};
		1E326E811DDC29E200807B13 /* Debug */ = {
			isa = XCBuildConfiguration;
			buildSettings = {
				DEVELOPMENT_TEAM = R9TLDN89V8;
				EXECUTABLE_PREFIX = lib;
				FRAMEWORK_SEARCH_PATHS = (
					"$(inherited)",
					"$(PROJECT_DIR)",
				);
				IPHONEOS_DEPLOYMENT_TARGET = 10.1;
				MACOSX_DEPLOYMENT_TARGET = 10.10;
				"OTHER_LDFLAGS[arch=*]" = "-ObjC";
				PRODUCT_NAME = "$(TARGET_NAME)";
			};
			name = Debug;
		};
		1E326E821DDC29E200807B13 /* Release */ = {
			isa = XCBuildConfiguration;
			buildSettings = {
				DEVELOPMENT_TEAM = R9TLDN89V8;
				EXECUTABLE_PREFIX = lib;
				FRAMEWORK_SEARCH_PATHS = (
					"$(inherited)",
					"$(PROJECT_DIR)",
				);
				IPHONEOS_DEPLOYMENT_TARGET = 10.1;
				MACOSX_DEPLOYMENT_TARGET = 10.10;
				"OTHER_LDFLAGS[arch=*]" = "-ObjC";
				PRODUCT_NAME = "$(TARGET_NAME)";
			};
			name = Release;
		};
/* End XCBuildConfiguration section */

/* Begin XCConfigurationList section */
		1E326E771DDC29E200807B13 /* Build configuration list for PBXProject "react-native-localytics" */ = {
			isa = XCConfigurationList;
			buildConfigurations = (
				1E326E7E1DDC29E200807B13 /* Debug */,
				1E326E7F1DDC29E200807B13 /* Release */,
			);
			defaultConfigurationIsVisible = 0;
			defaultConfigurationName = Release;
		};
		1E326E801DDC29E200807B13 /* Build configuration list for PBXNativeTarget "react-native-localytics" */ = {
			isa = XCConfigurationList;
			buildConfigurations = (
				1E326E811DDC29E200807B13 /* Debug */,
				1E326E821DDC29E200807B13 /* Release */,
			);
			defaultConfigurationIsVisible = 0;
			defaultConfigurationName = Release;
		};
/* End XCConfigurationList section */
	};
	rootObject = 1E326E741DDC29E200807B13 /* Project object */;
}
